Microsoft Visual Studio Solution File, Format Version 12.00
# Visual Studio Version 17
VisualStudioVersion = 17.5.2.0
MinimumVisualStudioVersion = 10.0.40219.1
Project("{FAE04EC0-301F-11D3-BF4B-00C04F79EFBC}") = "Estoque.API", "Estoque.API.csproj", "{C93F38BD-7AC7-FEAC-71A8-8ED634CCB71D}"
EndProject
Global
	GlobalSection(SolutionConfigurationPlatforms) = preSolution
		Debug|Any CPU = Debug|Any CPU
		Release|Any CPU = Release|Any CPU
	EndGlobalSection
	GlobalSection(ProjectConfigurationPlatforms) = postSolution
		{C93F38BD-7AC7-FEAC-71A8-8ED634CCB71D}.Debug|Any CPU.ActiveCfg = Debug|Any CPU
		{C93F38BD-7AC7-FEAC-71A8-8ED634CCB71D}.Debug|Any CPU.Build.0 = Debug|Any CPU
		{C93F38BD-7AC7-FEAC-71A8-8ED634CCB71D}.Release|Any CPU.ActiveCfg = Release|Any CPU
		{C93F38BD-7AC7-FEAC-71A8-8ED634CCB71D}.Release|Any CPU.Build.0 = Release|Any CPU
	EndGlobalSection
	GlobalSection(SolutionProperties) = preSolution
		HideSolutionNode = FALSE
	EndGlobalSection
	GlobalSection(ExtensibilityGlobals) = postSolution
		SolutionGuid = {6D6B505D-D3DE-419F-B041-4C630344BD74}
	EndGlobalSection
EndGlobal
