Microsoft Visual Studio Solution File, Format Version 12.00
# Visual Studio Version 17
VisualStudioVersion = 17.5.2.0
MinimumVisualStudioVersion = 10.0.40219.1
Project("{FAE04EC0-301F-11D3-BF4B-00C04F79EFBC}") = "Vendas.Tests", "Vendas.Tests.csproj", "{F413542E-B55E-6A05-44C7-D0222392A904}"
EndProject
Global
	GlobalSection(SolutionConfigurationPlatforms) = preSolution
		Debug|Any CPU = Debug|Any CPU
		Release|Any CPU = Release|Any CPU
	EndGlobalSection
	GlobalSection(ProjectConfigurationPlatforms) = postSolution
		{F413542E-B55E-6A05-44C7-D0222392A904}.Debug|Any CPU.ActiveCfg = Debug|Any CPU
		{F413542E-B55E-6A05-44C7-D0222392A904}.Debug|Any CPU.Build.0 = Debug|Any CPU
		{F413542E-B55E-6A05-44C7-D0222392A904}.Release|Any CPU.ActiveCfg = Release|Any CPU
		{F413542E-B55E-6A05-44C7-D0222392A904}.Release|Any CPU.Build.0 = Release|Any CPU
	EndGlobalSection
	GlobalSection(SolutionProperties) = preSolution
		HideSolutionNode = FALSE
	EndGlobalSection
	GlobalSection(ExtensibilityGlobals) = postSolution
		SolutionGuid = {1426FB61-7A2D-4F9B-A401-0C7035534EED}
	EndGlobalSection
EndGlobal
